PODS:
  - NMapsGeometry (1.0.2)
  - NMapsMap (3.23.2):
    - NMapsGeometry

DEPENDENCIES:
  - NMapsMap

SPEC REPOS:
  trunk:
    - NMapsGeometry
    - NMapsMap

SPEC CHECKSUMS:
  NMapsGeometry: 4e02554fa9880ef02ed96b075dc84355d6352479
  NMapsMap: 617b1cec04331deb72fb7553f791bfe7d6b27bb2

PODFILE CHECKSUM: 547f6f0cc3a42d3d095ba8286e94c22bfaba03b3

COCOAPODS: 1.16.2
